// !$*UTF8*$!
{
	archiveVersion = 1;
	classes = {
	};
	objectVersion = 56;
	objects = {

/* Begin PBXBuildFile section */
		D23579F72A20B65200433D49 /* RandomcoApp.swift in Sources */ = {isa = PBXBuildFile; fileRef = D23579F62A20B65200433D49 /* RandomcoApp.swift */; };
		D23579FB2A20B65300433D49 /* Assets.xcassets in Resources */ = {isa = PBXBuildFile; fileRef = D23579FA2A20B65300433D49 /* Assets.xcassets */; };
		D23579FE2A20B65300433D49 /* Preview Assets.xcassets in Resources */ = {isa = PBXBuildFile; fileRef = D23579FD2A20B65300433D49 /* Preview Assets.xcassets */; };
		D2357A002A20B65300433D49 /* Persistence.swift in Sources */ = {isa = PBXBuildFile; fileRef = D23579FF2A20B65300433D49 /* Persistence.swift */; };
		D2357A032A20B65300433D49 /* Randomco.xcdatamodeld in Sources */ = {isa = PBXBuildFile; fileRef = D2357A012A20B65300433D49 /* Randomco.xcdatamodeld */; };
		D2357A0D2A20B65300433D49 /* RandomcoTests.swift in Sources */ = {isa = PBXBuildFile; fileRef = D2357A0C2A20B65300433D49 /* RandomcoTests.swift */; };
		D2357A172A20B65300433D49 /* RandomcoUITests.swift in Sources */ = {isa = PBXBuildFile; fileRef = D2357A162A20B65300433D49 /* RandomcoUITests.swift */; };
		D2357A192A20B65300433D49 /* RandomcoUITestsLaunchTests.swift in Sources */ = {isa = PBXBuildFile; fileRef = D2357A182A20B65300433D49 /* RandomcoUITestsLaunchTests.swift */; };
		D2357A2A2A20C12000433D49 /* UserList.swift in Sources */ = {isa = PBXBuildFile; fileRef = D2357A292A20C12000433D49 /* UserList.swift */; };
		D2357A2D2A20C91500433D49 /* UserRepository.swift in Sources */ = {isa = PBXBuildFile; fileRef = D2357A2C2A20C91500433D49 /* UserRepository.swift */; };
		D2357A302A20C9A000433D49 /* UserListResponse.swift in Sources */ = {isa = PBXBuildFile; fileRef = D2357A2F2A20C9A000433D49 /* UserListResponse.swift */; };
		D2357A332A20DB4900433D49 /* UserInteractor.swift in Sources */ = {isa = PBXBuildFile; fileRef = D2357A322A20DB4900433D49 /* UserInteractor.swift */; };
		D2357A3B2A20E30A00433D49 /* UserCell.swift in Sources */ = {isa = PBXBuildFile; fileRef = D2357A3A2A20E30A00433D49 /* UserCell.swift */; };
		D2357A3E2A22490100433D49 /* User.swift in Sources */ = {isa = PBXBuildFile; fileRef = D2357A3D2A22490100433D49 /* User.swift */; };
		D2357A402A224F9000433D49 /* UserDBRepository.swift in Sources */ = {isa = PBXBuildFile; fileRef = D2357A3F2A224F9000433D49 /* UserDBRepository.swift */; };
		D2357A432A22510600433D49 /* ManagedObject.swift in Sources */ = {isa = PBXBuildFile; fileRef = D2357A422A22510600433D49 /* ManagedObject.swift */; };
		D2357A462A22919500433D49 /* AnimatePlaceholder.swift in Sources */ = {isa = PBXBuildFile; fileRef = D2357A452A22919500433D49 /* AnimatePlaceholder.swift */; };
		D2357A482A23891000433D49 /* UserDetail.swift in Sources */ = {isa = PBXBuildFile; fileRef = D2357A472A23891000433D49 /* UserDetail.swift */; };
		D2357A4A2A24B2C700433D49 /* AppState.swift in Sources */ = {isa = PBXBuildFile; fileRef = D2357A492A24B2C700433D49 /* AppState.swift */; };
		D2357A552A260DAC00433D49 /* UserListViewModel.swift in Sources */ = {isa = PBXBuildFile; fileRef = D2357A542A260DAC00433D49 /* UserListViewModel.swift */; };
		D2357A5D2A262FA200433D49 /* LocationInteractor.swift in Sources */ = {isa = PBXBuildFile; fileRef = D2357A5C2A262FA200433D49 /* LocationInteractor.swift */; };
/* End PBXBuildFile section */

/* Begin PBXContainerItemProxy section */
		D2357A092A20B65300433D49 /* PBXContainerItemProxy */ = {
			isa = PBXContainerItemProxy;
			containerPortal = D23579EB2A20B65200433D49 /* Project object */;
			proxyType = 1;
			remoteGlobalIDString = D23579F22A20B65200433D49;
			remoteInfo = Randomco;
		};
		D2357A132A20B65300433D49 /* PBXContainerItemProxy */ = {
			isa = PBXContainerItemProxy;
			containerPortal = D23579EB2A20B65200433D49 /* Project object */;
			proxyType = 1;
			remoteGlobalIDString = D23579F22A20B65200433D49;
			remoteInfo = Randomco;
		};
/* End PBXContainerItemProxy section */

/* Begin PBXFileReference section */
		D23579F32A20B65200433D49 /* Randomco.app */ = {isa = PBXFileReference; explicitFileType = wrapper.application; includeInIndex = 0; path = Randomco.app; sourceTree = BUILT_PRODUCTS_DIR; };
		D23579F62A20B65200433D49 /* RandomcoApp.swift */ = {isa = PBXFileReference; lastKnownFileType = sourcecode.swift; path = RandomcoApp.swift; sourceTree = "<group>"; };
		D23579FA2A20B65300433D49 /* Assets.xcassets */ = {isa = PBXFileReference; lastKnownFileType = folder.assetcatalog; path = Assets.xcassets; sourceTree = "<group>"; };
		D23579FD2A20B65300433D49 /* Preview Assets.xcassets */ = {isa = PBXFileReference; lastKnownFileType = folder.assetcatalog; path = "Preview Assets.xcassets"; sourceTree = "<group>"; };
		D23579FF2A20B65300433D49 /* Persistence.swift */ = {isa = PBXFileReference; lastKnownFileType = sourcecode.swift; path = Persistence.swift; sourceTree = "<group>"; };
		D2357A022A20B65300433D49 /* Randomco.xcdatamodel */ = {isa = PBXFileReference; lastKnownFileType = wrapper.xcdatamodel; path = Randomco.xcdatamodel; sourceTree = "<group>"; };
		D2357A082A20B65300433D49 /* RandomcoTests.xctest */ = {isa = PBXFileReference; explicitFileType = wrapper.cfbundle; includeInIndex = 0; path = RandomcoTests.xctest; sourceTree = BUILT_PRODUCTS_DIR; };
		D2357A0C2A20B65300433D49 /* RandomcoTests.swift */ = {isa = PBXFileReference; lastKnownFileType = sourcecode.swift; path = RandomcoTests.swift; sourceTree = "<group>"; };
		D2357A122A20B65300433D49 /* RandomcoUITests.xctest */ = {isa = PBXFileReference; explicitFileType = wrapper.cfbundle; includeInIndex = 0; path = RandomcoUITests.xctest; sourceTree = BUILT_PRODUCTS_DIR; };
		D2357A162A20B65300433D49 /* RandomcoUITests.swift */ = {isa = PBXFileReference; lastKnownFileType = sourcecode.swift; path = RandomcoUITests.swift; sourceTree = "<group>"; };
		D2357A182A20B65300433D49 /* RandomcoUITestsLaunchTests.swift */ = {isa = PBXFileReference; lastKnownFileType = sourcecode.swift; path = RandomcoUITestsLaunchTests.swift; sourceTree = "<group>"; };
		D2357A292A20C12000433D49 /* UserList.swift */ = {isa = PBXFileReference; lastKnownFileType = sourcecode.swift; path = UserList.swift; sourceTree = "<group>"; };
		D2357A2C2A20C91500433D49 /* UserRepository.swift */ = {isa = PBXFileReference; lastKnownFileType = sourcecode.swift; path = UserRepository.swift; sourceTree = "<group>"; };
		D2357A2F2A20C9A000433D49 /* UserListResponse.swift */ = {isa = PBXFileReference; lastKnownFileType = sourcecode.swift; path = UserListResponse.swift; sourceTree = "<group>"; };
		D2357A322A20DB4900433D49 /* UserInteractor.swift */ = {isa = PBXFileReference; lastKnownFileType = sourcecode.swift; path = UserInteractor.swift; sourceTree = "<group>"; };
		D2357A3A2A20E30A00433D49 /* UserCell.swift */ = {isa = PBXFileReference; lastKnownFileType = sourcecode.swift; path = UserCell.swift; sourceTree = "<group>"; };
		D2357A3D2A22490100433D49 /* User.swift */ = {isa = PBXFileReference; lastKnownFileType = sourcecode.swift; path = User.swift; sourceTree = "<group>"; };
		D2357A3F2A224F9000433D49 /* UserDBRepository.swift */ = {isa = PBXFileReference; lastKnownFileType = sourcecode.swift; path = UserDBRepository.swift; sourceTree = "<group>"; };
		D2357A422A22510600433D49 /* ManagedObject.swift */ = {isa = PBXFileReference; lastKnownFileType = sourcecode.swift; path = ManagedObject.swift; sourceTree = "<group>"; };
		D2357A452A22919500433D49 /* AnimatePlaceholder.swift */ = {isa = PBXFileReference; lastKnownFileType = sourcecode.swift; path = AnimatePlaceholder.swift; sourceTree = "<group>"; };
		D2357A472A23891000433D49 /* UserDetail.swift */ = {isa = PBXFileReference; lastKnownFileType = sourcecode.swift; path = UserDetail.swift; sourceTree = "<group>"; };
		D2357A492A24B2C700433D49 /* AppState.swift */ = {isa = PBXFileReference; lastKnownFileType = sourcecode.swift; path = AppState.swift; sourceTree = "<group>"; };
		D2357A502A25060700433D49 /* Info.plist */ = {isa = PBXFileReference; lastKnownFileType = text.plist; path = Info.plist; sourceTree = "<group>"; };
		D2357A542A260DAC00433D49 /* UserListViewModel.swift */ = {isa = PBXFileReference; lastKnownFileType = sourcecode.swift; path = UserListViewModel.swift; sourceTree = "<group>"; };
		D2357A5C2A262FA200433D49 /* LocationInteractor.swift */ = {isa = PBXFileReference; lastKnownFileType = sourcecode.swift; path = LocationInteractor.swift; sourceTree = "<group>"; };
/* End PBXFileReference section */

/* Begin PBXFrameworksBuildPhase section */
		D23579F02A20B65200433D49 /* Frameworks */ = {
			isa = PBXFrameworksBuildPhase;
			buildActionMask = 2147483647;
			files = (
			);
			runOnlyForDeploymentPostprocessing = 0;
		};
		D2357A052A20B65300433D49 /* Frameworks */ = {
			isa = PBXFrameworksBuildPhase;
			buildActionMask = 2147483647;
			files = (
			);
			runOnlyForDeploymentPostprocessing = 0;
		};
		D2357A0F2A20B65300433D49 /* Frameworks */ = {
			isa = PBXFrameworksBuildPhase;
			buildActionMask = 2147483647;
			files = (
			);
			runOnlyForDeploymentPostprocessing = 0;
		};
/* End PBXFrameworksBuildPhase section */

/* Begin PBXGroup section */
		D23579EA2A20B65200433D49 = {
			isa = PBXGroup;
			children = (
				D23579F52A20B65200433D49 /* Randomco */,
				D2357A0B2A20B65300433D49 /* RandomcoTests */,
				D2357A152A20B65300433D49 /* RandomcoUITests */,
				D23579F42A20B65200433D49 /* Products */,
			);
			sourceTree = "<group>";
		};
		D23579F42A20B65200433D49 /* Products */ = {
			isa = PBXGroup;
			children = (
				D23579F32A20B65200433D49 /* Randomco.app */,
				D2357A082A20B65300433D49 /* RandomcoTests.xctest */,
				D2357A122A20B65300433D49 /* RandomcoUITests.xctest */,
			);
			name = Products;
			sourceTree = "<group>";
		};
		D23579F52A20B65200433D49 /* Randomco */ = {
			isa = PBXGroup;
			children = (
				D2357A502A25060700433D49 /* Info.plist */,
				D2357A412A2250F000433D49 /* Persistence */,
				D2357A372A20E04700433D49 /* View */,
				D2357A312A20CAB900433D49 /* Interactor */,
				D2357A2B2A20C90500433D49 /* Repository */,
				D2357A342A20DDF000433D49 /* App */,
				D23579FA2A20B65300433D49 /* Assets.xcassets */,
				D23579FC2A20B65300433D49 /* Preview Content */,
			);
			path = Randomco;
			sourceTree = "<group>";
		};
		D23579FC2A20B65300433D49 /* Preview Content */ = {
			isa = PBXGroup;
			children = (
				D23579FD2A20B65300433D49 /* Preview Assets.xcassets */,
			);
			path = "Preview Content";
			sourceTree = "<group>";
		};
		D2357A0B2A20B65300433D49 /* RandomcoTests */ = {
			isa = PBXGroup;
			children = (
				D2357A0C2A20B65300433D49 /* RandomcoTests.swift */,
			);
			path = RandomcoTests;
			sourceTree = "<group>";
		};
		D2357A152A20B65300433D49 /* RandomcoUITests */ = {
			isa = PBXGroup;
			children = (
				D2357A162A20B65300433D49 /* RandomcoUITests.swift */,
				D2357A182A20B65300433D49 /* RandomcoUITestsLaunchTests.swift */,
			);
			path = RandomcoUITests;
			sourceTree = "<group>";
		};
		D2357A2B2A20C90500433D49 /* Repository */ = {
			isa = PBXGroup;
			children = (
				D2357A2E2A20C96500433D49 /* User */,
			);
			path = Repository;
			sourceTree = "<group>";
		};
		D2357A2E2A20C96500433D49 /* User */ = {
			isa = PBXGroup;
			children = (
				D2357A2C2A20C91500433D49 /* UserRepository.swift */,
				D2357A2F2A20C9A000433D49 /* UserListResponse.swift */,
				D2357A3F2A224F9000433D49 /* UserDBRepository.swift */,
			);
			path = User;
			sourceTree = "<group>";
		};
		D2357A312A20CAB900433D49 /* Interactor */ = {
			isa = PBXGroup;
			children = (
				D2357A5B2A262F9600433D49 /* Location */,
				D2357A3C2A2248F200433D49 /* User */,
				D2357A492A24B2C700433D49 /* AppState.swift */,
			);
			path = Interactor;
			sourceTree = "<group>";
		};
		D2357A342A20DDF000433D49 /* App */ = {
			isa = PBXGroup;
			children = (
				D23579F62A20B65200433D49 /* RandomcoApp.swift */,
			);
			path = App;
			sourceTree = "<group>";
		};
		D2357A372A20E04700433D49 /* View */ = {
			isa = PBXGroup;
			children = (
				D2357A442A22918200433D49 /* Modifiers */,
				D2357A522A260D6000433D49 /* UserList */,
				D2357A472A23891000433D49 /* UserDetail.swift */,
			);
			path = View;
			sourceTree = "<group>";
		};
		D2357A3C2A2248F200433D49 /* User */ = {
			isa = PBXGroup;
			children = (
				D2357A322A20DB4900433D49 /* UserInteractor.swift */,
				D2357A3D2A22490100433D49 /* User.swift */,
			);
			path = User;
			sourceTree = "<group>";
		};
		D2357A412A2250F000433D49 /* Persistence */ = {
			isa = PBXGroup;
			children = (
				D23579FF2A20B65300433D49 /* Persistence.swift */,
				D2357A422A22510600433D49 /* ManagedObject.swift */,
				D2357A012A20B65300433D49 /* Randomco.xcdatamodeld */,
			);
			path = Persistence;
			sourceTree = "<group>";
		};
		D2357A442A22918200433D49 /* Modifiers */ = {
			isa = PBXGroup;
			children = (
				D2357A452A22919500433D49 /* AnimatePlaceholder.swift */,
			);
			path = Modifiers;
			sourceTree = "<group>";
		};
		D2357A522A260D6000433D49 /* UserList */ = {
			isa = PBXGroup;
			children = (
				D2357A292A20C12000433D49 /* UserList.swift */,
				D2357A542A260DAC00433D49 /* UserListViewModel.swift */,
				D2357A3A2A20E30A00433D49 /* UserCell.swift */,
			);
			path = UserList;
			sourceTree = "<group>";
		};
		D2357A5B2A262F9600433D49 /* Location */ = {
			isa = PBXGroup;
			children = (
				D2357A5C2A262FA200433D49 /* LocationInteractor.swift */,
			);
			path = Location;
			sourceTree = "<group>";
		};
/* End PBXGroup section */

/* Begin PBXNativeTarget section */
		D23579F22A20B65200433D49 /* Randomco */ = {
			isa = PBXNativeTarget;
			buildConfigurationList = D2357A1C2A20B65300433D49 /* Build configuration list for PBXNativeTarget "Randomco" */;
			buildPhases = (
				D23579EF2A20B65200433D49 /* Sources */,
				D23579F02A20B65200433D49 /* Frameworks */,
				D23579F12A20B65200433D49 /* Resources */,
			);
			buildRules = (
			);
			dependencies = (
			);
			name = Randomco;
			productName = Randomco;
			productReference = D23579F32A20B65200433D49 /* Randomco.app */;
			productType = "com.apple.product-type.application";
		};
		D2357A072A20B65300433D49 /* RandomcoTests */ = {
			isa = PBXNativeTarget;
			buildConfigurationList = D2357A1F2A20B65300433D49 /* Build configuration list for PBXNativeTarget "RandomcoTests" */;
			buildPhases = (
				D2357A042A20B65300433D49 /* Sources */,
				D2357A052A20B65300433D49 /* Frameworks */,
				D2357A062A20B65300433D49 /* Resources */,
			);
			buildRules = (
			);
			dependencies = (
				D2357A0A2A20B65300433D49 /* PBXTargetDependency */,
			);
			name = RandomcoTests;
			productName = RandomcoTests;
			productReference = D2357A082A20B65300433D49 /* RandomcoTests.xctest */;
			productType = "com.apple.product-type.bundle.unit-test";
		};
		D2357A112A20B65300433D49 /* RandomcoUITests */ = {
			isa = PBXNativeTarget;
			buildConfigurationList = D2357A222A20B65300433D49 /* Build configuration list for PBXNativeTarget "RandomcoUITests" */;
			buildPhases = (
				D2357A0E2A20B65300433D49 /* Sources */,
				D2357A0F2A20B65300433D49 /* Frameworks */,
				D2357A102A20B65300433D49 /* Resources */,
			);
			buildRules = (
			);
			dependencies = (
				D2357A142A20B65300433D49 /* PBXTargetDependency */,
			);
			name = RandomcoUITests;
			productName = RandomcoUITests;
			productReference = D2357A122A20B65300433D49 /* RandomcoUITests.xctest */;
			productType = "com.apple.product-type.bundle.ui-testing";
		};
/* End PBXNativeTarget section */

/* Begin PBXProject section */
		D23579EB2A20B65200433D49 /* Project object */ = {
			isa = PBXProject;
			attributes = {
				BuildIndependentTargetsInParallel = 1;
				LastSwiftUpdateCheck = 1420;
				LastUpgradeCheck = 1420;
				TargetAttributes = {
					D23579F22A20B65200433D49 = {
						CreatedOnToolsVersion = 14.2;
					};
					D2357A072A20B65300433D49 = {
						CreatedOnToolsVersion = 14.2;
						TestTargetID = D23579F22A20B65200433D49;
					};
					D2357A112A20B65300433D49 = {
						CreatedOnToolsVersion = 14.2;
						TestTargetID = D23579F22A20B65200433D49;
					};
				};
			};
			buildConfigurationList = D23579EE2A20B65200433D49 /* Build configuration list for PBXProject "Randomco" */;
			compatibilityVersion = "Xcode 14.0";
			developmentRegion = en;
			hasScannedForEncodings = 0;
			knownRegions = (
				en,
				Base,
			);
			mainGroup = D23579EA2A20B65200433D49;
			productRefGroup = D23579F42A20B65200433D49 /* Products */;
			projectDirPath = "";
			projectRoot = "";
			targets = (
				D23579F22A20B65200433D49 /* Randomco */,
				D2357A072A20B65300433D49 /* RandomcoTests */,
				D2357A112A20B65300433D49 /* RandomcoUITests */,
			);
		};
/* End PBXProject section */

/* Begin PBXResourcesBuildPhase section */
		D23579F12A20B65200433D49 /* Resources */ = {
			isa = PBXResourcesBuildPhase;
			buildActionMask = 2147483647;
			files = (
				D23579FE2A20B65300433D49 /* Preview Assets.xcassets in Resources */,
				D23579FB2A20B65300433D49 /* Assets.xcassets in Resources */,
			);
			runOnlyForDeploymentPostprocessing = 0;
		};
		D2357A062A20B65300433D49 /* Resources */ = {
			isa = PBXResourcesBuildPhase;
			buildActionMask = 2147483647;
			files = (
			);
			runOnlyForDeploymentPostprocessing = 0;
		};
		D2357A102A20B65300433D49 /* Resources */ = {
			isa = PBXResourcesBuildPhase;
			buildActionMask = 2147483647;
			files = (
			);
			runOnlyForDeploymentPostprocessing = 0;
		};
/* End PBXResourcesBuildPhase section */

/* Begin PBXSourcesBuildPhase section */
		D23579EF2A20B65200433D49 /* Sources */ = {
			isa = PBXSourcesBuildPhase;
			buildActionMask = 2147483647;
			files = (
				D2357A2A2A20C12000433D49 /* UserList.swift in Sources */,
				D2357A482A23891000433D49 /* UserDetail.swift in Sources */,
				D2357A332A20DB4900433D49 /* UserInteractor.swift in Sources */,
				D2357A432A22510600433D49 /* ManagedObject.swift in Sources */,
				D2357A032A20B65300433D49 /* Randomco.xcdatamodeld in Sources */,
				D2357A552A260DAC00433D49 /* UserListViewModel.swift in Sources */,
				D2357A4A2A24B2C700433D49 /* AppState.swift in Sources */,
				D2357A5D2A262FA200433D49 /* LocationInteractor.swift in Sources */,
				D2357A2D2A20C91500433D49 /* UserRepository.swift in Sources */,
				D2357A3B2A20E30A00433D49 /* UserCell.swift in Sources */,
				D2357A002A20B65300433D49 /* Persistence.swift in Sources */,
				D2357A402A224F9000433D49 /* UserDBRepository.swift in Sources */,
				D2357A302A20C9A000433D49 /* UserListResponse.swift in Sources */,
				D2357A462A22919500433D49 /* AnimatePlaceholder.swift in Sources */,
				D2357A3E2A22490100433D49 /* User.swift in Sources */,
				D23579F72A20B65200433D49 /* RandomcoApp.swift in Sources */,
			);
			runOnlyForDeploymentPostprocessing = 0;
		};
		D2357A042A20B65300433D49 /* Sources */ = {
			isa = PBXSourcesBuildPhase;
			buildActionMask = 2147483647;
			files = (
				D2357A0D2A20B65300433D49 /* RandomcoTests.swift in Sources */,
			);
			runOnlyForDeploymentPostprocessing = 0;
		};
		D2357A0E2A20B65300433D49 /* Sources */ = {
			isa = PBXSourcesBuildPhase;
			buildActionMask = 2147483647;
			files = (
				D2357A192A20B65300433D49 /* RandomcoUITestsLaunchTests.swift in Sources */,
				D2357A172A20B65300433D49 /* RandomcoUITests.swift in Sources */,
			);
			runOnlyForDeploymentPostprocessing = 0;
		};
/* End PBXSourcesBuildPhase section */

/* Begin PBXTargetDependency section */
		D2357A0A2A20B65300433D49 /* PBXTargetDependency */ = {
			isa = PBXTargetDependency;
			target = D23579F22A20B65200433D49 /* Randomco */;
			targetProxy = D2357A092A20B65300433D49 /* PBXContainerItemProxy */;
		};
		D2357A142A20B65300433D49 /* PBXTargetDependency */ = {
			isa = PBXTargetDependency;
			target = D23579F22A20B65200433D49 /* Randomco */;
			targetProxy = D2357A132A20B65300433D49 /* PBXContainerItemProxy */;
		};
/* End PBXTargetDependency section */

/* Begin XCBuildConfiguration section */
		D2357A1A2A20B65300433D49 /* Debug */ = {
			isa = XCBuildConfiguration;
			buildSettings = {
				ALWAYS_SEARCH_USER_PATHS = NO;
				CLANG_ANALYZER_NONNULL = YES;
				CLANG_ANALYZER_NUMBER_OBJECT_CONVERSION = YES_AGGRESSIVE;
				CLANG_CXX_LANGUAGE_STANDARD = "gnu++20";
				CLANG_ENABLE_MODULES = YES;
				CLANG_ENABLE_OBJC_ARC = YES;
				CLANG_ENABLE_OBJC_WEAK = YES;
				CLANG_WARN_BLOCK_CAPTURE_AUTORELEASING = YES;
				CLANG_WARN_BOOL_CONVERSION = YES;
				CLANG_WARN_COMMA = YES;
				CLANG_WARN_CONSTANT_CONVERSION = YES;
				CLANG_WARN_DEPRECATED_OBJC_IMPLEMENTATIONS = YES;
				CLANG_WARN_DIRECT_OBJC_ISA_USAGE = YES_ERROR;
				CLANG_WARN_DOCUMENTATION_COMMENTS = YES;
				CLANG_WARN_EMPTY_BODY = YES;
				CLANG_WARN_ENUM_CONVERSION = YES;
				CLANG_WARN_INFINITE_RECURSION = YES;
				CLANG_WARN_INT_CONVERSION = YES;
				CLANG_WARN_NON_LITERAL_NULL_CONVERSION = YES;
				CLANG_WARN_OBJC_IMPLICIT_RETAIN_SELF = YES;
				CLANG_WARN_OBJC_LITERAL_CONVERSION = YES;
				CLANG_WARN_OBJC_ROOT_CLASS = YES_ERROR;
				CLANG_WARN_QUOTED_INCLUDE_IN_FRAMEWORK_HEADER = YES;
				CLANG_WARN_RANGE_LOOP_ANALYSIS = YES;
				CLANG_WARN_STRICT_PROTOTYPES = YES;
				CLANG_WARN_SUSPICIOUS_MOVE = YES;
				CLANG_WARN_UNGUARDED_AVAILABILITY = YES_AGGRESSIVE;
				CLANG_WARN_UNREACHABLE_CODE = YES;
				CLANG_WARN__DUPLICATE_METHOD_MATCH = YES;
				COPY_PHASE_STRIP = NO;
				DEBUG_INFORMATION_FORMAT = dwarf;
				ENABLE_STRICT_OBJC_MSGSEND = YES;
				ENABLE_TESTABILITY = YES;
				GCC_C_LANGUAGE_STANDARD = gnu11;
				GCC_DYNAMIC_NO_PIC = NO;
				GCC_NO_COMMON_BLOCKS = YES;
				GCC_OPTIMIZATION_LEVEL = 0;
				GCC_PREPROCESSOR_DEFINITIONS = (
					"DEBUG=1",
					"$(inherited)",
				);
				GCC_WARN_64_TO_32_BIT_CONVERSION = YES;
				GCC_WARN_ABOUT_RETURN_TYPE = YES_ERROR;
				GCC_WARN_UNDECLARED_SELECTOR = YES;
				GCC_WARN_UNINITIALIZED_AUTOS = YES_AGGRESSIVE;
				GCC_WARN_UNUSED_FUNCTION = YES;
				GCC_WARN_UNUSED_VARIABLE = YES;
				IPHONEOS_DEPLOYMENT_TARGET = 16.2;
				MTL_ENABLE_DEBUG_INFO = INCLUDE_SOURCE;
				MTL_FAST_MATH = YES;
				ONLY_ACTIVE_ARCH = YES;
				SDKROOT = iphoneos;
				SWIFT_ACTIVE_COMPILATION_CONDITIONS = DEBUG;
				SWIFT_OPTIMIZATION_LEVEL = "-Onone";
			};
			name = Debug;
		};
		D2357A1B2A20B65300433D49 /* Release */ = {
			isa = XCBuildConfiguration;
			buildSettings = {
				ALWAYS_SEARCH_USER_PATHS = NO;
				CLANG_ANALYZER_NONNULL = YES;
				CLANG_ANALYZER_NUMBER_OBJECT_CONVERSION = YES_AGGRESSIVE;
				CLANG_CXX_LANGUAGE_STANDARD = "gnu++20";
				CLANG_ENABLE_MODULES = YES;
				CLANG_ENABLE_OBJC_ARC = YES;
				CLANG_ENABLE_OBJC_WEAK = YES;
				CLANG_WARN_BLOCK_CAPTURE_AUTORELEASING = YES;
				CLANG_WARN_BOOL_CONVERSION = YES;
				CLANG_WARN_COMMA = YES;
				CLANG_WARN_CONSTANT_CONVERSION = YES;
				CLANG_WARN_DEPRECATED_OBJC_IMPLEMENTATIONS = YES;
				CLANG_WARN_DIRECT_OBJC_ISA_USAGE = YES_ERROR;
				CLANG_WARN_DOCUMENTATION_COMMENTS = YES;
				CLANG_WARN_EMPTY_BODY = YES;
				CLANG_WARN_ENUM_CONVERSION = YES;
				CLANG_WARN_INFINITE_RECURSION = YES;
				CLANG_WARN_INT_CONVERSION = YES;
				CLANG_WARN_NON_LITERAL_NULL_CONVERSION = YES;
				CLANG_WARN_OBJC_IMPLICIT_RETAIN_SELF = YES;
				CLANG_WARN_OBJC_LITERAL_CONVERSION = YES;
				CLANG_WARN_OBJC_ROOT_CLASS = YES_ERROR;
				CLANG_WARN_QUOTED_INCLUDE_IN_FRAMEWORK_HEADER = YES;
				CLANG_WARN_RANGE_LOOP_ANALYSIS = YES;
				CLANG_WARN_STRICT_PROTOTYPES = YES;
				CLANG_WARN_SUSPICIOUS_MOVE = YES;
				CLANG_WARN_UNGUARDED_AVAILABILITY = YES_AGGRESSIVE;
				CLANG_WARN_UNREACHABLE_CODE = YES;
				CLANG_WARN__DUPLICATE_METHOD_MATCH = YES;
				COPY_PHASE_STRIP = NO;
				DEBUG_INFORMATION_FORMAT = "dwarf-with-dsym";
				ENABLE_NS_ASSERTIONS = NO;
				ENABLE_STRICT_OBJC_MSGSEND = YES;
				GCC_C_LANGUAGE_STANDARD = gnu11;
				GCC_NO_COMMON_BLOCKS = YES;
				GCC_WARN_64_TO_32_BIT_CONVERSION = YES;
				GCC_WARN_ABOUT_RETURN_TYPE = YES_ERROR;
				GCC_WARN_UNDECLARED_SELECTOR = YES;
				GCC_WARN_UNINITIALIZED_AUTOS = YES_AGGRESSIVE;
				GCC_WARN_UNUSED_FUNCTION = YES;
				GCC_WARN_UNUSED_VARIABLE = YES;
				IPHONEOS_DEPLOYMENT_TARGET = 16.2;
				MTL_ENABLE_DEBUG_INFO = NO;
				MTL_FAST_MATH = YES;
				SDKROOT = iphoneos;
				SWIFT_COMPILATION_MODE = wholemodule;
				SWIFT_OPTIMIZATION_LEVEL = "-O";
				VALIDATE_PRODUCT = YES;
			};
			name = Release;
		};
		D2357A1D2A20B65300433D49 /* Debug */ = {
			isa = XCBuildConfiguration;
			buildSettings = {
				ASSETCATALOG_COMPILER_APPICON_NAME = AppIcon;
				ASSETCATALOG_COMPILER_GLOBAL_ACCENT_COLOR_NAME = AccentColor;
				CODE_SIGN_STYLE = Automatic;
				CURRENT_PROJECT_VERSION = 1;
				DEVELOPMENT_ASSET_PATHS = "\"Randomco/Preview Content\"";
				ENABLE_PREVIEWS = YES;
				GENERATE_INFOPLIST_FILE = YES;
				INFOPLIST_FILE = Randomco/Info.plist;
				INFOPLIST_KEY_UIApplicationSupportsIndirectInputEvents = YES;
				INFOPLIST_KEY_UILaunchScreen_Generation = YES;
				INFOPLIST_KEY_UISupportedInterfaceOrientations_iPad = "UIInterfaceOrientationPortrait UIInterfaceOrientationPortraitUpsideDown UIInterfaceOrientationLandscapeLeft UIInterfaceOrientationLandscapeRight";
				INFOPLIST_KEY_UISupportedInterfaceOrientations_iPhone = "UIInterfaceOrientationPortrait UIInterfaceOrientationLandscapeLeft UIInterfaceOrientationLandscapeRight";
				LD_RUNPATH_SEARCH_PATHS = (
					"$(inherited)",
					"@executable_path/Frameworks",
				);
				MARKETING_VERSION = 1.0;
				PRODUCT_BUNDLE_IDENTIFIER = com.randomco.Randomco;
				PRODUCT_NAME = "$(TARGET_NAME)";
				SWIFT_EMIT_LOC_STRINGS = YES;
				SWIFT_VERSION = 5.0;
				TARGETED_DEVICE_FAMILY = "1,2";
			};
			name = Debug;
		};
		D2357A1E2A20B65300433D49 /* Release */ = {
			isa = XCBuildConfiguration;
			buildSettings = {
				ASSETCATALOG_COMPILER_APPICON_NAME = AppIcon;
				ASSETCATALOG_COMPILER_GLOBAL_ACCENT_COLOR_NAME = AccentColor;
				CODE_SIGN_STYLE = Automatic;
				CURRENT_PROJECT_VERSION = 1;
				DEVELOPMENT_ASSET_PATHS = "\"Randomco/Preview Content\"";
				ENABLE_PREVIEWS = YES;
				GENERATE_INFOPLIST_FILE = YES;
				INFOPLIST_FILE = Randomco/Info.plist;
				INFOPLIST_KEY_UIApplicationSupportsIndirectInputEvents = YES;
				INFOPLIST_KEY_UILaunchScreen_Generation = YES;
				INFOPLIST_KEY_UISupportedInterfaceOrientations_iPad = "UIInterfaceOrientationPortrait UIInterfaceOrientationPortraitUpsideDown UIInterfaceOrientationLandscapeLeft UIInterfaceOrientationLandscapeRight";
				INFOPLIST_KEY_UISupportedInterfaceOrientations_iPhone = "UIInterfaceOrientationPortrait UIInterfaceOrientationLandscapeLeft UIInterfaceOrientationLandscapeRight";
				LD_RUNPATH_SEARCH_PATHS = (
					"$(inherited)",
					"@executable_path/Frameworks",
				);
				MARKETING_VERSION = 1.0;
				PRODUCT_BUNDLE_IDENTIFIER = com.randomco.Randomco;
				PRODUCT_NAME = "$(TARGET_NAME)";
				SWIFT_EMIT_LOC_STRINGS = YES;
				SWIFT_VERSION = 5.0;
				TARGETED_DEVICE_FAMILY = "1,2";
			};
			name = Release;
		};
		D2357A202A20B65300433D49 /* Debug */ = {
			isa = XCBuildConfiguration;
			buildSettings = {
				ALWAYS_EMBED_SWIFT_STANDARD_LIBRARIES = YES;
				BUNDLE_LOADER = "$(TEST_HOST)";
				CODE_SIGN_STYLE = Automatic;
				CURRENT_PROJECT_VERSION = 1;
				GENERATE_INFOPLIST_FILE = YES;
				IPHONEOS_DEPLOYMENT_TARGET = 16.2;
				MARKETING_VERSION = 1.0;
				PRODUCT_BUNDLE_IDENTIFIER = com.randomco.RandomcoTests;
				PRODUCT_NAME = "$(TARGET_NAME)";
				SWIFT_EMIT_LOC_STRINGS = NO;
				SWIFT_VERSION = 5.0;
				TARGETED_DEVICE_FAMILY = "1,2";
				TEST_HOST = "$(BUILT_PRODUCTS_DIR)/Randomco.app/$(BUNDLE_EXECUTABLE_FOLDER_PATH)/Randomco";
			};
			name = Debug;
		};
		D2357A212A20B65300433D49 /* Release */ = {
			isa = XCBuildConfiguration;
			buildSettings = {
				ALWAYS_EMBED_SWIFT_STANDARD_LIBRARIES = YES;
				BUNDLE_LOADER = "$(TEST_HOST)";
				CODE_SIGN_STYLE = Automatic;
				CURRENT_PROJECT_VERSION = 1;
				GENERATE_INFOPLIST_FILE = YES;
				IPHONEOS_DEPLOYMENT_TARGET = 16.2;
				MARKETING_VERSION = 1.0;
				PRODUCT_BUNDLE_IDENTIFIER = com.randomco.RandomcoTests;
				PRODUCT_NAME = "$(TARGET_NAME)";
				SWIFT_EMIT_LOC_STRINGS = NO;
				SWIFT_VERSION = 5.0;
				TARGETED_DEVICE_FAMILY = "1,2";
				TEST_HOST = "$(BUILT_PRODUCTS_DIR)/Randomco.app/$(BUNDLE_EXECUTABLE_FOLDER_PATH)/Randomco";
			};
			name = Release;
		};
		D2357A232A20B65300433D49 /* Debug */ = {
			isa = XCBuildConfiguration;
			buildSettings = {
				ALWAYS_EMBED_SWIFT_STANDARD_LIBRARIES = YES;
				CODE_SIGN_STYLE = Automatic;
				CURRENT_PROJECT_VERSION = 1;
				GENERATE_INFOPLIST_FILE = YES;
				MARKETING_VERSION = 1.0;
				PRODUCT_BUNDLE_IDENTIFIER = com.randomco.RandomcoUITests;
				PRODUCT_NAME = "$(TARGET_NAME)";
				SWIFT_EMIT_LOC_STRINGS = NO;
				SWIFT_VERSION = 5.0;
				TARGETED_DEVICE_FAMILY = "1,2";
				TEST_TARGET_NAME = Randomco;
			};
			name = Debug;
		};
		D2357A242A20B65300433D49 /* Release */ = {
			isa = XCBuildConfiguration;
			buildSettings = {
				ALWAYS_EMBED_SWIFT_STANDARD_LIBRARIES = YES;
				CODE_SIGN_STYLE = Automatic;
				CURRENT_PROJECT_VERSION = 1;
				GENERATE_INFOPLIST_FILE = YES;
				MARKETING_VERSION = 1.0;
				PRODUCT_BUNDLE_IDENTIFIER = com.randomco.RandomcoUITests;
				PRODUCT_NAME = "$(TARGET_NAME)";
				SWIFT_EMIT_LOC_STRINGS = NO;
				SWIFT_VERSION = 5.0;
				TARGETED_DEVICE_FAMILY = "1,2";
				TEST_TARGET_NAME = Randomco;
			};
			name = Release;
		};
/* End XCBuildConfiguration section */

/* Begin XCConfigurationList section */
		D23579EE2A20B65200433D49 /* Build configuration list for PBXProject "Randomco" */ = {
			isa = XCConfigurationList;
			buildConfigurations = (
				D2357A1A2A20B65300433D49 /* Debug */,
				D2357A1B2A20B65300433D49 /* Release */,
			);
			defaultConfigurationIsVisible = 0;
			defaultConfigurationName = Release;
		};
		D2357A1C2A20B65300433D49 /* Build configuration list for PBXNativeTarget "Randomco" */ = {
			isa = XCConfigurationList;
			buildConfigurations = (
				D2357A1D2A20B65300433D49 /* Debug */,
				D2357A1E2A20B65300433D49 /* Release */,
			);
			defaultConfigurationIsVisible = 0;
			defaultConfigurationName = Release;
		};
		D2357A1F2A20B65300433D49 /* Build configuration list for PBXNativeTarget "RandomcoTests" */ = {
			isa = XCConfigurationList;
			buildConfigurations = (
				D2357A202A20B65300433D49 /* Debug */,
				D2357A212A20B65300433D49 /* Release */,
			);
			defaultConfigurationIsVisible = 0;
			defaultConfigurationName = Release;
		};
		D2357A222A20B65300433D49 /* Build configuration list for PBXNativeTarget "RandomcoUITests" */ = {
			isa = XCConfigurationList;
			buildConfigurations = (
				D2357A232A20B65300433D49 /* Debug */,
				D2357A242A20B65300433D49 /* Release */,
			);
			defaultConfigurationIsVisible = 0;
			defaultConfigurationName = Release;
		};
/* End XCConfigurationList section */

/* Begin XCVersionGroup section */
		D2357A012A20B65300433D49 /* Randomco.xcdatamodeld */ = {
			isa = XCVersionGroup;
			children = (
				D2357A022A20B65300433D49 /* Randomco.xcdatamodel */,
			);
			currentVersion = D2357A022A20B65300433D49 /* Randomco.xcdatamodel */;
			path = Randomco.xcdatamodeld;
			sourceTree = "<group>";
			versionGroupType = wrapper.xcdatamodel;
		};
/* End XCVersionGroup section */
	};
	rootObject = D23579EB2A20B65200433D49 /* Project object */;
}
